// !$*UTF8*$!
{
	archiveVersion = 1;
	classes = {
	};
	objectVersion = 55;
	objects = {

/* Begin PBXBuildFile section */
		35019E322731DDDD00386EA8 /* LocaleProvider.swift in Sources */ = {isa = PBXBuildFile; fileRef = 35019E312731DDDD00386EA8 /* LocaleProvider.swift */; };
		35019E342731E45100386EA8 /* LocaleProviderTest.swift in Sources */ = {isa = PBXBuildFile; fileRef = 35019E332731E45100386EA8 /* LocaleProviderTest.swift */; };
		35019E362731EA2B00386EA8 /* Location.swift in Sources */ = {isa = PBXBuildFile; fileRef = 35019E352731EA2B00386EA8 /* Location.swift */; };
		35019E382731EA5500386EA8 /* Weather.swift in Sources */ = {isa = PBXBuildFile; fileRef = 35019E372731EA5500386EA8 /* Weather.swift */; };
		35019E3A2731EB1400386EA8 /* LocationResponse.swift in Sources */ = {isa = PBXBuildFile; fileRef = 35019E392731EB1400386EA8 /* LocationResponse.swift */; };
		35019E3C2731ECAF00386EA8 /* CurrentWeatherResponse.swift in Sources */ = {isa = PBXBuildFile; fileRef = 35019E3B2731ECAF00386EA8 /* CurrentWeatherResponse.swift */; };
		35019E3F2731F3F800386EA8 /* weather.json in Resources */ = {isa = PBXBuildFile; fileRef = 35019E3E2731F26000386EA8 /* weather.json */; };
		35019E412731F44200386EA8 /* LocationResponseTest.swift in Sources */ = {isa = PBXBuildFile; fileRef = 35019E402731F44200386EA8 /* LocationResponseTest.swift */; };
		35019E432731F4BB00386EA8 /* WeatherResponseTest.swift in Sources */ = {isa = PBXBuildFile; fileRef = 35019E422731F4BB00386EA8 /* WeatherResponseTest.swift */; };
		3563B03F272A30E900BC3B3E /* URLSession+Pinning.swift in Sources */ = {isa = PBXBuildFile; fileRef = 3563B03E272A30E900BC3B3E /* URLSession+Pinning.swift */; };
		357C3BF4273463C600039DF2 /* Coordinator.swift in Sources */ = {isa = PBXBuildFile; fileRef = 357C3BF3273463C600039DF2 /* Coordinator.swift */; };
		357C3BF6273463F500039DF2 /* Storyboarded.swift in Sources */ = {isa = PBXBuildFile; fileRef = 357C3BF5273463F500039DF2 /* Storyboarded.swift */; };
		357C3BF82734641E00039DF2 /* Storyboarded+Instantiate.swift in Sources */ = {isa = PBXBuildFile; fileRef = 357C3BF72734641E00039DF2 /* Storyboarded+Instantiate.swift */; };
		357C3BFA2734644C00039DF2 /* MainCoordinator.swift in Sources */ = {isa = PBXBuildFile; fileRef = 357C3BF92734644C00039DF2 /* MainCoordinator.swift */; };
		357C3BFD2734677300039DF2 /* LocationDetailViewController.swift in Sources */ = {isa = PBXBuildFile; fileRef = 357C3BFC2734677300039DF2 /* LocationDetailViewController.swift */; };
		357C3C03273472F000039DF2 /* LocationExplorerView.swift in Sources */ = {isa = PBXBuildFile; fileRef = 357C3C02273472F000039DF2 /* LocationExplorerView.swift */; };
		357C3C072734755100039DF2 /* MainCoordinatorMock.swift in Sources */ = {isa = PBXBuildFile; fileRef = 357C3C062734755100039DF2 /* MainCoordinatorMock.swift */; };
		357C3C0A273478B700039DF2 /* LocationDetailViewControllerTest.swift in Sources */ = {isa = PBXBuildFile; fileRef = 357C3C09273478B700039DF2 /* LocationDetailViewControllerTest.swift */; };
		357C3C0D27347ABF00039DF2 /* LocationExplorerViewControllerTest.swift in Sources */ = {isa = PBXBuildFile; fileRef = 357C3C0C27347ABF00039DF2 /* LocationExplorerViewControllerTest.swift */; };
		357C3C122734915B00039DF2 /* Localizable.strings in Resources */ = {isa = PBXBuildFile; fileRef = 357C3C142734915B00039DF2 /* Localizable.strings */; };
		358AA953273358E100E3B442 /* SuggestionsTableViewController.swift in Sources */ = {isa = PBXBuildFile; fileRef = 358AA952273358E100E3B442 /* SuggestionsTableViewController.swift */; };
		358AA9552733591D00E3B442 /* SuggestionsPresenter.swift in Sources */ = {isa = PBXBuildFile; fileRef = 358AA9542733591D00E3B442 /* SuggestionsPresenter.swift */; };
		358AA9572733594000E3B442 /* SuggestionsView.swift in Sources */ = {isa = PBXBuildFile; fileRef = 358AA9562733594000E3B442 /* SuggestionsView.swift */; };
		358AA95D27335CBC00E3B442 /* LocationExplorerViewController.swift in Sources */ = {isa = PBXBuildFile; fileRef = 358AA95C27335CBC00E3B442 /* LocationExplorerViewController.swift */; };
		358AA9602733683F00E3B442 /* SuggestionRepository.swift in Sources */ = {isa = PBXBuildFile; fileRef = 358AA95F2733683F00E3B442 /* SuggestionRepository.swift */; };
		358AA96327336B2900E3B442 /* SuggestionsTableViewControllerTest.swift in Sources */ = {isa = PBXBuildFile; fileRef = 358AA96227336B2900E3B442 /* SuggestionsTableViewControllerTest.swift */; };
		358AA96727336DCB00E3B442 /* SuggestionRepository.swift in Sources */ = {isa = PBXBuildFile; fileRef = 358AA96627336DCB00E3B442 /* SuggestionRepository.swift */; };
		358AA96927336EA900E3B442 /* SuggestionsPresenterTest.swift in Sources */ = {isa = PBXBuildFile; fileRef = 358AA96827336EA900E3B442 /* SuggestionsPresenterTest.swift */; };
		358AA96C2733711100E3B442 /* SuggestionsViewMock.swift in Sources */ = {isa = PBXBuildFile; fileRef = 358AA96B2733711100E3B442 /* SuggestionsViewMock.swift */; };
		35ADBF95272A137D0065717B /* AppDelegate.swift in Sources */ = {isa = PBXBuildFile; fileRef = 35ADBF94272A137D0065717B /* AppDelegate.swift */; };
		35ADBF97272A137D0065717B /* SceneDelegate.swift in Sources */ = {isa = PBXBuildFile; fileRef = 35ADBF96272A137D0065717B /* SceneDelegate.swift */; };
		35ADBF9C272A137D0065717B /* Main.storyboard in Resources */ = {isa = PBXBuildFile; fileRef = 35ADBF9A272A137D0065717B /* Main.storyboard */; };
		35ADBF9E272A13800065717B /* Assets.xcassets in Resources */ = {isa = PBXBuildFile; fileRef = 35ADBF9D272A13800065717B /* Assets.xcassets */; };
		35ADBFA1272A13810065717B /* LaunchScreen.storyboard in Resources */ = {isa = PBXBuildFile; fileRef = 35ADBF9F272A13810065717B /* LaunchScreen.storyboard */; };
		35ADBFC6272A16200065717B /* AppConfiguration.swift in Sources */ = {isa = PBXBuildFile; fileRef = 35ADBFC5272A16200065717B /* AppConfiguration.swift */; };
		35ADBFD2272A19DA0065717B /* TestingAppDelegate.swift in Sources */ = {isa = PBXBuildFile; fileRef = 35ADBFD1272A19DA0065717B /* TestingAppDelegate.swift */; };
		35ADBFD4272A19F70065717B /* TestingSceneDelegate.swift in Sources */ = {isa = PBXBuildFile; fileRef = 35ADBFD3272A19F70065717B /* TestingSceneDelegate.swift */; };
		35ADBFD6272A1A1F0065717B /* TestingRootViewController.swift in Sources */ = {isa = PBXBuildFile; fileRef = 35ADBFD5272A1A1F0065717B /* TestingRootViewController.swift */; };
		35ADBFDD272A1C800065717B /* main.swift in Sources */ = {isa = PBXBuildFile; fileRef = 35ADBFDC272A1C800065717B /* main.swift */; };
		35ADBFF6272A26950065717B /* Endpoint+UrlRequest.swift in Sources */ = {isa = PBXBuildFile; fileRef = 35ADBFE0272A26950065717B /* Endpoint+UrlRequest.swift */; };
		35ADBFF7272A26950065717B /* WeatherResponse.swift in Sources */ = {isa = PBXBuildFile; fileRef = 35ADBFE3272A26950065717B /* WeatherResponse.swift */; };
		35ADBFF9272A26950065717B /* CacheManager.swift in Sources */ = {isa = PBXBuildFile; fileRef = 35ADBFE6272A26950065717B /* CacheManager.swift */; };
		35ADBFFA272A26950065717B /* LocalCacheManager.swift in Sources */ = {isa = PBXBuildFile; fileRef = 35ADBFE7272A26950065717B /* LocalCacheManager.swift */; };
		35ADBFFB272A26950065717B /* NetworkProvider.swift in Sources */ = {isa = PBXBuildFile; fileRef = 35ADBFE9272A26950065717B /* NetworkProvider.swift */; };
		35ADBFFC272A26950065717B /* URLSessionNetworkProvider.swift in Sources */ = {isa = PBXBuildFile; fileRef = 35ADBFEA272A26950065717B /* URLSessionNetworkProvider.swift */; };
		35ADBFFD272A26950065717B /* StorageManager.swift in Sources */ = {isa = PBXBuildFile; fileRef = 35ADBFEC272A26950065717B /* StorageManager.swift */; };
		35ADBFFE272A26950065717B /* FileStorageManager.swift in Sources */ = {isa = PBXBuildFile; fileRef = 35ADBFED272A26950065717B /* FileStorageManager.swift */; };
		35ADBFFF272A26950065717B /* ApiError.swift in Sources */ = {isa = PBXBuildFile; fileRef = 35ADBFEF272A26950065717B /* ApiError.swift */; };
		35ADC000272A26950065717B /* NSURLSessionPinningDelegate.swift in Sources */ = {isa = PBXBuildFile; fileRef = 35ADBFF0272A26950065717B /* NSURLSessionPinningDelegate.swift */; };
		35ADC001272A26950065717B /* Reachability.swift in Sources */ = {isa = PBXBuildFile; fileRef = 35ADBFF1272A26950065717B /* Reachability.swift */; };
		35ADC002272A26950065717B /* URLBuilder.swift in Sources */ = {isa = PBXBuildFile; fileRef = 35ADBFF2272A26950065717B /* URLBuilder.swift */; };
		35ADC003272A26950065717B /* CurrentWeatherEndpoint.swift in Sources */ = {isa = PBXBuildFile; fileRef = 35ADBFF4272A26950065717B /* CurrentWeatherEndpoint.swift */; };
		35ADC004272A26950065717B /* Endpoint.swift in Sources */ = {isa = PBXBuildFile; fileRef = 35ADBFF5272A26950065717B /* Endpoint.swift */; };
		35D6449D272B45D700FB3A07 /* AppConfigurationTest.swift in Sources */ = {isa = PBXBuildFile; fileRef = 35D64485272B45D700FB3A07 /* AppConfigurationTest.swift */; };
		35D6449E272B45D700FB3A07 /* JSONHelper.swift in Sources */ = {isa = PBXBuildFile; fileRef = 35D64487272B45D700FB3A07 /* JSONHelper.swift */; };
		35D6449F272B45D700FB3A07 /* current.json in Resources */ = {isa = PBXBuildFile; fileRef = 35D64489272B45D700FB3A07 /* current.json */; };
		35D644A0272B45D700FB3A07 /* location.json in Resources */ = {isa = PBXBuildFile; fileRef = 35D6448A272B45D700FB3A07 /* location.json */; };
		35D644A1272B45D700FB3A07 /* CurrentWeatherResponseTest.swift in Sources */ = {isa = PBXBuildFile; fileRef = 35D6448D272B45D700FB3A07 /* CurrentWeatherResponseTest.swift */; };
		35D644A2272B45D700FB3A07 /* CacheManagerMock.swift in Sources */ = {isa = PBXBuildFile; fileRef = 35D64490272B45D700FB3A07 /* CacheManagerMock.swift */; };
		35D644A3272B45D700FB3A07 /* LocalCacheManagerTest.swift in Sources */ = {isa = PBXBuildFile; fileRef = 35D64491272B45D700FB3A07 /* LocalCacheManagerTest.swift */; };
		35D644A4272B45D700FB3A07 /* URLProtocolMock.swift in Sources */ = {isa = PBXBuildFile; fileRef = 35D64494272B45D700FB3A07 /* URLProtocolMock.swift */; };
		35D644A5272B45D700FB3A07 /* URLSessionNetworkProviderMock.swift in Sources */ = {isa = PBXBuildFile; fileRef = 35D64495272B45D700FB3A07 /* URLSessionNetworkProviderMock.swift */; };
		35D644A6272B45D700FB3A07 /* URLSessionNetworkProviderTest.swift in Sources */ = {isa = PBXBuildFile; fileRef = 35D64496272B45D700FB3A07 /* URLSessionNetworkProviderTest.swift */; };
		35D644A7272B45D700FB3A07 /* ReachabilityMock.swift in Sources */ = {isa = PBXBuildFile; fileRef = 35D64499272B45D700FB3A07 /* ReachabilityMock.swift */; };
		35D644A8272B45D700FB3A07 /* UrlBuilderTest.swift in Sources */ = {isa = PBXBuildFile; fileRef = 35D6449A272B45D700FB3A07 /* UrlBuilderTest.swift */; };
		35D644A9272B45D700FB3A07 /* CurrentWeatherEndpointTest.swift in Sources */ = {isa = PBXBuildFile; fileRef = 35D6449C272B45D700FB3A07 /* CurrentWeatherEndpointTest.swift */; };
		35D644AD272B4EDC00FB3A07 /* Service.swift in Sources */ = {isa = PBXBuildFile; fileRef = 35D644AC272B4EDC00FB3A07 /* Service.swift */; };
		35D644AF272B4FE100FB3A07 /* AllCountriesService.swift in Sources */ = {isa = PBXBuildFile; fileRef = 35D644AE272B4FE100FB3A07 /* AllCountriesService.swift */; };
		35D644B4272B51B200FB3A07 /* CountriesResponse+ParseToModel.swift in Sources */ = {isa = PBXBuildFile; fileRef = 35D644B3272B51B200FB3A07 /* CountriesResponse+ParseToModel.swift */; };
		35D644B7272B539600FB3A07 /* DataParser.swift in Sources */ = {isa = PBXBuildFile; fileRef = 35D644B6272B539600FB3A07 /* DataParser.swift */; };
		35D644B9272B53E500FB3A07 /* JsonDataPaser.swift in Sources */ = {isa = PBXBuildFile; fileRef = 35D644B8272B53E500FB3A07 /* JsonDataPaser.swift */; };
		35D644BB272B543A00FB3A07 /* ParserError.swift in Sources */ = {isa = PBXBuildFile; fileRef = 35D644BA272B543A00FB3A07 /* ParserError.swift */; };
		35D644BE272B5A2800FB3A07 /* DummyEndpoint.swift in Sources */ = {isa = PBXBuildFile; fileRef = 35D644BD272B5A2800FB3A07 /* DummyEndpoint.swift */; };
		35D644C1272B5AF300FB3A07 /* JsonDataParserTest.swift in Sources */ = {isa = PBXBuildFile; fileRef = 35D644C0272B5AF300FB3A07 /* JsonDataParserTest.swift */; };
		35D644C4272B5F4D00FB3A07 /* WeatherServiceTest.swift in Sources */ = {isa = PBXBuildFile; fileRef = 35D644C3272B5F4D00FB3A07 /* WeatherServiceTest.swift */; };
		35D644C7272B5FB500FB3A07 /* JsonDataParserMock.swift in Sources */ = {isa = PBXBuildFile; fileRef = 35D644C6272B5FB500FB3A07 /* JsonDataParserMock.swift */; };
/* End PBXBuildFile section */

/* Begin PBXContainerItemProxy section */
		35ADBFA8272A13810065717B /* PBXContainerItemProxy */ = {
			isa = PBXContainerItemProxy;
			containerPortal = 35ADBF89272A137D0065717B /* Project object */;
			proxyType = 1;
			remoteGlobalIDString = 35ADBF90272A137D0065717B;
			remoteInfo = WeatherExplorer;
		};
/* End PBXContainerItemProxy section */

/* Begin PBXFileReference section */
		35019E312731DDDD00386EA8 /* LocaleProvider.swift */ = {isa = PBXFileReference; lastKnownFileType = sourcecode.swift; path = LocaleProvider.swift; sourceTree = "<group>"; };
		35019E332731E45100386EA8 /* LocaleProviderTest.swift */ = {isa = PBXFileReference; lastKnownFileType = sourcecode.swift; path = LocaleProviderTest.swift; sourceTree = "<group>"; };
		35019E352731EA2B00386EA8 /* Location.swift */ = {isa = PBXFileReference; lastKnownFileType = sourcecode.swift; path = Location.swift; sourceTree = "<group>"; };
		35019E372731EA5500386EA8 /* Weather.swift */ = {isa = PBXFileReference; lastKnownFileType = sourcecode.swift; path = Weather.swift; sourceTree = "<group>"; };
		35019E392731EB1400386EA8 /* LocationResponse.swift */ = {isa = PBXFileReference; lastKnownFileType = sourcecode.swift; path = LocationResponse.swift; sourceTree = "<group>"; };
		35019E3B2731ECAF00386EA8 /* CurrentWeatherResponse.swift */ = {isa = PBXFileReference; lastKnownFileType = sourcecode.swift; path = CurrentWeatherResponse.swift; sourceTree = "<group>"; };
		35019E3E2731F26000386EA8 /* weather.json */ = {isa = PBXFileReference; lastKnownFileType = text.json; path = weather.json; sourceTree = "<group>"; };
		35019E402731F44200386EA8 /* LocationResponseTest.swift */ = {isa = PBXFileReference; lastKnownFileType = sourcecode.swift; path = LocationResponseTest.swift; sourceTree = "<group>"; };
		35019E422731F4BB00386EA8 /* WeatherResponseTest.swift */ = {isa = PBXFileReference; lastKnownFileType = sourcecode.swift; path = WeatherResponseTest.swift; sourceTree = "<group>"; };
		3563B03E272A30E900BC3B3E /* URLSession+Pinning.swift */ = {isa = PBXFileReference; lastKnownFileType = sourcecode.swift; path = "URLSession+Pinning.swift"; sourceTree = "<group>"; };
		357C3BF3273463C600039DF2 /* Coordinator.swift */ = {isa = PBXFileReference; lastKnownFileType = sourcecode.swift; path = Coordinator.swift; sourceTree = "<group>"; };
		357C3BF5273463F500039DF2 /* Storyboarded.swift */ = {isa = PBXFileReference; lastKnownFileType = sourcecode.swift; path = Storyboarded.swift; sourceTree = "<group>"; };
		357C3BF72734641E00039DF2 /* Storyboarded+Instantiate.swift */ = {isa = PBXFileReference; lastKnownFileType = sourcecode.swift; path = "Storyboarded+Instantiate.swift"; sourceTree = "<group>"; };
		357C3BF92734644C00039DF2 /* MainCoordinator.swift */ = {isa = PBXFileReference; lastKnownFileType = sourcecode.swift; path = MainCoordinator.swift; sourceTree = "<group>"; };
		357C3BFC2734677300039DF2 /* LocationDetailViewController.swift */ = {isa = PBXFileReference; lastKnownFileType = sourcecode.swift; path = LocationDetailViewController.swift; sourceTree = "<group>"; };
		357C3C02273472F000039DF2 /* LocationExplorerView.swift */ = {isa = PBXFileReference; lastKnownFileType = sourcecode.swift; path = LocationExplorerView.swift; sourceTree = "<group>"; };
		357C3C062734755100039DF2 /* MainCoordinatorMock.swift */ = {isa = PBXFileReference; lastKnownFileType = sourcecode.swift; path = MainCoordinatorMock.swift; sourceTree = "<group>"; };
		357C3C09273478B700039DF2 /* LocationDetailViewControllerTest.swift */ = {isa = PBXFileReference; lastKnownFileType = sourcecode.swift; path = LocationDetailViewControllerTest.swift; sourceTree = "<group>"; };
		357C3C0C27347ABF00039DF2 /* LocationExplorerViewControllerTest.swift */ = {isa = PBXFileReference; lastKnownFileType = sourcecode.swift; path = LocationExplorerViewControllerTest.swift; sourceTree = "<group>"; };
		357C3C0E2734913200039DF2 /* pt-BR */ = {isa = PBXFileReference; lastKnownFileType = text.plist.strings; name = "pt-BR"; path = "pt-BR.lproj/Main.strings"; sourceTree = "<group>"; };
		357C3C0F2734913300039DF2 /* pt-BR */ = {isa = PBXFileReference; lastKnownFileType = text.plist.strings; name = "pt-BR"; path = "pt-BR.lproj/LaunchScreen.strings"; sourceTree = "<group>"; };
		357C3C132734915B00039DF2 /* en */ = {isa = PBXFileReference; lastKnownFileType = text.plist.strings; name = en; path = en.lproj/Localizable.strings; sourceTree = "<group>"; };
		357C3C152734915D00039DF2 /* pt-BR */ = {isa = PBXFileReference; lastKnownFileType = text.plist.strings; name = "pt-BR"; path = "pt-BR.lproj/Localizable.strings"; sourceTree = "<group>"; };
		358AA952273358E100E3B442 /* SuggestionsTableViewController.swift */ = {isa = PBXFileReference; lastKnownFileType = sourcecode.swift; path = SuggestionsTableViewController.swift; sourceTree = "<group>"; };
		358AA9542733591D00E3B442 /* SuggestionsPresenter.swift */ = {isa = PBXFileReference; lastKnownFileType = sourcecode.swift; path = SuggestionsPresenter.swift; sourceTree = "<group>"; };
		358AA9562733594000E3B442 /* SuggestionsView.swift */ = {isa = PBXFileReference; lastKnownFileType = sourcecode.swift; path = SuggestionsView.swift; sourceTree = "<group>"; };
		358AA95C27335CBC00E3B442 /* LocationExplorerViewController.swift */ = {isa = PBXFileReference; lastKnownFileType = sourcecode.swift; path = LocationExplorerViewController.swift; sourceTree = "<group>"; };
		358AA95F2733683F00E3B442 /* SuggestionRepository.swift */ = {isa = PBXFileReference; lastKnownFileType = sourcecode.swift; path = SuggestionRepository.swift; sourceTree = "<group>"; };
		358AA96227336B2900E3B442 /* SuggestionsTableViewControllerTest.swift */ = {isa = PBXFileReference; lastKnownFileType = sourcecode.swift; path = SuggestionsTableViewControllerTest.swift; sourceTree = "<group>"; };
		358AA96627336DCB00E3B442 /* SuggestionRepository.swift */ = {isa = PBXFileReference; lastKnownFileType = sourcecode.swift; path = SuggestionRepository.swift; sourceTree = "<group>"; };
		358AA96827336EA900E3B442 /* SuggestionsPresenterTest.swift */ = {isa = PBXFileReference; lastKnownFileType = sourcecode.swift; path = SuggestionsPresenterTest.swift; sourceTree = "<group>"; };
		358AA96B2733711100E3B442 /* SuggestionsViewMock.swift */ = {isa = PBXFileReference; lastKnownFileType = sourcecode.swift; path = SuggestionsViewMock.swift; sourceTree = "<group>"; };
		35ADBF91272A137D0065717B /* WeatherExplorer.app */ = {isa = PBXFileReference; explicitFileType = wrapper.application; includeInIndex = 0; path = WeatherExplorer.app; sourceTree = BUILT_PRODUCTS_DIR; };
		35ADBF94272A137D0065717B /* AppDelegate.swift */ = {isa = PBXFileReference; lastKnownFileType = sourcecode.swift; path = AppDelegate.swift; sourceTree = "<group>"; };
		35ADBF96272A137D0065717B /* SceneDelegate.swift */ = {isa = PBXFileReference; lastKnownFileType = sourcecode.swift; path = SceneDelegate.swift; sourceTree = "<group>"; };
		35ADBF9B272A137D0065717B /* Base */ = {isa = PBXFileReference; lastKnownFileType = file.storyboard; name = Base; path = Base.lproj/Main.storyboard; sourceTree = "<group>"; };
		35ADBF9D272A13800065717B /* Assets.xcassets */ = {isa = PBXFileReference; lastKnownFileType = folder.assetcatalog; name = Assets.xcassets; path = WeatherExplorer/Assets.xcassets; sourceTree = SOURCE_ROOT; };
		35ADBFA0272A13810065717B /* Base */ = {isa = PBXFileReference; lastKnownFileType = file.storyboard; name = Base; path = Base.lproj/LaunchScreen.storyboard; sourceTree = "<group>"; };
		35ADBFA2272A13810065717B /* Info.plist */ = {isa = PBXFileReference; lastKnownFileType = text.plist.xml; path = Info.plist; sourceTree = "<group>"; };
		35ADBFA7272A13810065717B /* WeatherExplorerTests.xctest */ = {isa = PBXFileReference; explicitFileType = wrapper.cfbundle; includeInIndex = 0; path = WeatherExplorerTests.xctest; sourceTree = BUILT_PRODUCTS_DIR; };
		35ADBFC5272A16200065717B /* AppConfiguration.swift */ = {isa = PBXFileReference; fileEncoding = 4; lastKnownFileType = sourcecode.swift; path = AppConfiguration.swift; sourceTree = "<group>"; };
		35ADBFC7272A17080065717B /* Local.plist */ = {isa = PBXFileReference; fileEncoding = 4; lastKnownFileType = text.plist.xml; path = Local.plist; sourceTree = "<group>"; };
		35ADBFD1272A19DA0065717B /* TestingAppDelegate.swift */ = {isa = PBXFileReference; lastKnownFileType = sourcecode.swift; path = TestingAppDelegate.swift; sourceTree = "<group>"; };
		35ADBFD3272A19F70065717B /* TestingSceneDelegate.swift */ = {isa = PBXFileReference; lastKnownFileType = sourcecode.swift; path = TestingSceneDelegate.swift; sourceTree = "<group>"; };
		35ADBFD5272A1A1F0065717B /* TestingRootViewController.swift */ = {isa = PBXFileReference; lastKnownFileType = sourcecode.swift; path = TestingRootViewController.swift; sourceTree = "<group>"; };
		35ADBFDC272A1C800065717B /* main.swift */ = {isa = PBXFileReference; lastKnownFileType = sourcecode.swift; path = main.swift; sourceTree = "<group>"; };
		35ADBFE0272A26950065717B /* Endpoint+UrlRequest.swift */ = {isa = PBXFileReference; fileEncoding = 4; lastKnownFileType = sourcecode.swift; path = "Endpoint+UrlRequest.swift"; sourceTree = "<group>"; };
		35ADBFE3272A26950065717B /* WeatherResponse.swift */ = {isa = PBXFileReference; fileEncoding = 4; lastKnownFileType = sourcecode.swift; path = WeatherResponse.swift; sourceTree = "<group>"; };
		35ADBFE6272A26950065717B /* CacheManager.swift */ = {isa = PBXFileReference; fileEncoding = 4; lastKnownFileType = sourcecode.swift; path = CacheManager.swift; sourceTree = "<group>"; };
		35ADBFE7272A26950065717B /* LocalCacheManager.swift */ = {isa = PBXFileReference; fileEncoding = 4; lastKnownFileType = sourcecode.swift; path = LocalCacheManager.swift; sourceTree = "<group>"; };
		35ADBFE9272A26950065717B /* NetworkProvider.swift */ = {isa = PBXFileReference; fileEncoding = 4; lastKnownFileType = sourcecode.swift; path = NetworkProvider.swift; sourceTree = "<group>"; };
		35ADBFEA272A26950065717B /* URLSessionNetworkProvider.swift */ = {isa = PBXFileReference; fileEncoding = 4; lastKnownFileType = sourcecode.swift; path = URLSessionNetworkProvider.swift; sourceTree = "<group>"; };
		35ADBFEC272A26950065717B /* StorageManager.swift */ = {isa = PBXFileReference; fileEncoding = 4; lastKnownFileType = sourcecode.swift; path = StorageManager.swift; sourceTree = "<group>"; };
		35ADBFED272A26950065717B /* FileStorageManager.swift */ = {isa = PBXFileReference; fileEncoding = 4; lastKnownFileType = sourcecode.swift; path = FileStorageManager.swift; sourceTree = "<group>"; };
		35ADBFEF272A26950065717B /* ApiError.swift */ = {isa = PBXFileReference; fileEncoding = 4; lastKnownFileType = sourcecode.swift; path = ApiError.swift; sourceTree = "<group>"; };
		35ADBFF0272A26950065717B /* NSURLSessionPinningDelegate.swift */ = {isa = PBXFileReference; fileEncoding = 4; lastKnownFileType = sourcecode.swift; path = NSURLSessionPinningDelegate.swift; sourceTree = "<group>"; };
		35ADBFF1272A26950065717B /* Reachability.swift */ = {isa = PBXFileReference; fileEncoding = 4; lastKnownFileType = sourcecode.swift; path = Reachability.swift; sourceTree = "<group>"; };
		35ADBFF2272A26950065717B /* URLBuilder.swift */ = {isa = PBXFileReference; fileEncoding = 4; lastKnownFileType = sourcecode.swift; path = URLBuilder.swift; sourceTree = "<group>"; };
		35ADBFF4272A26950065717B /* CurrentWeatherEndpoint.swift */ = {isa = PBXFileReference; fileEncoding = 4; lastKnownFileType = sourcecode.swift; path = CurrentWeatherEndpoint.swift; sourceTree = "<group>"; };
		35ADBFF5272A26950065717B /* Endpoint.swift */ = {isa = PBXFileReference; fileEncoding = 4; lastKnownFileType = sourcecode.swift; path = Endpoint.swift; sourceTree = "<group>"; };
		35D64485272B45D700FB3A07 /* AppConfigurationTest.swift */ = {isa = PBXFileReference; fileEncoding = 4; lastKnownFileType = sourcecode.swift; path = AppConfigurationTest.swift; sourceTree = "<group>"; };
		35D64487272B45D700FB3A07 /* JSONHelper.swift */ = {isa = PBXFileReference; fileEncoding = 4; lastKnownFileType = sourcecode.swift; path = JSONHelper.swift; sourceTree = "<group>"; };
		35D64489272B45D700FB3A07 /* current.json */ = {isa = PBXFileReference; fileEncoding = 4; lastKnownFileType = text.json; path = current.json; sourceTree = "<group>"; };
		35D6448A272B45D700FB3A07 /* location.json */ = {isa = PBXFileReference; fileEncoding = 4; lastKnownFileType = text.json; path = location.json; sourceTree = "<group>"; };
		35D6448D272B45D700FB3A07 /* CurrentWeatherResponseTest.swift */ = {isa = PBXFileReference; fileEncoding = 4; lastKnownFileType = sourcecode.swift; path = CurrentWeatherResponseTest.swift; sourceTree = "<group>"; };
		35D64490272B45D700FB3A07 /* CacheManagerMock.swift */ = {isa = PBXFileReference; fileEncoding = 4; lastKnownFileType = sourcecode.swift; path = CacheManagerMock.swift; sourceTree = "<group>"; };
		35D64491272B45D700FB3A07 /* LocalCacheManagerTest.swift */ = {isa = PBXFileReference; fileEncoding = 4; lastKnownFileType = sourcecode.swift; path = LocalCacheManagerTest.swift; sourceTree = "<group>"; };
		35D64494272B45D700FB3A07 /* URLProtocolMock.swift */ = {isa = PBXFileReference; fileEncoding = 4; lastKnownFileType = sourcecode.swift; path = URLProtocolMock.swift; sourceTree = "<group>"; };
		35D64495272B45D700FB3A07 /* URLSessionNetworkProviderMock.swift */ = {isa = PBXFileReference; fileEncoding = 4; lastKnownFileType = sourcecode.swift; path = URLSessionNetworkProviderMock.swift; sourceTree = "<group>"; };
		35D64496272B45D700FB3A07 /* URLSessionNetworkProviderTest.swift */ = {isa = PBXFileReference; fileEncoding = 4; lastKnownFileType = sourcecode.swift; path = URLSessionNetworkProviderTest.swift; sourceTree = "<group>"; };
		35D64499272B45D700FB3A07 /* ReachabilityMock.swift */ = {isa = PBXFileReference; fileEncoding = 4; lastKnownFileType = sourcecode.swift; path = ReachabilityMock.swift; sourceTree = "<group>"; };
		35D6449A272B45D700FB3A07 /* UrlBuilderTest.swift */ = {isa = PBXFileReference; fileEncoding = 4; lastKnownFileType = sourcecode.swift; path = UrlBuilderTest.swift; sourceTree = "<group>"; };
		35D6449C272B45D700FB3A07 /* CurrentWeatherEndpointTest.swift */ = {isa = PBXFileReference; fileEncoding = 4; lastKnownFileType = sourcecode.swift; path = CurrentWeatherEndpointTest.swift; sourceTree = "<group>"; };
		35D644AC272B4EDC00FB3A07 /* Service.swift */ = {isa = PBXFileReference; lastKnownFileType = sourcecode.swift; path = Service.swift; sourceTree = "<group>"; };
		35D644AE272B4FE100FB3A07 /* AllCountriesService.swift */ = {isa = PBXFileReference; lastKnownFileType = sourcecode.swift; path = AllCountriesService.swift; sourceTree = "<group>"; };
		35D644B3272B51B200FB3A07 /* CountriesResponse+ParseToModel.swift */ = {isa = PBXFileReference; lastKnownFileType = sourcecode.swift; path = "CountriesResponse+ParseToModel.swift"; sourceTree = "<group>"; };
		35D644B6272B539600FB3A07 /* DataParser.swift */ = {isa = PBXFileReference; lastKnownFileType = sourcecode.swift; path = DataParser.swift; sourceTree = "<group>"; };
		35D644B8272B53E500FB3A07 /* JsonDataPaser.swift */ = {isa = PBXFileReference; lastKnownFileType = sourcecode.swift; path = JsonDataPaser.swift; sourceTree = "<group>"; };
		35D644BA272B543A00FB3A07 /* ParserError.swift */ = {isa = PBXFileReference; lastKnownFileType = sourcecode.swift; path = ParserError.swift; sourceTree = "<group>"; };
		35D644BD272B5A2800FB3A07 /* DummyEndpoint.swift */ = {isa = PBXFileReference; lastKnownFileType = sourcecode.swift; path = DummyEndpoint.swift; sourceTree = "<group>"; };
		35D644C0272B5AF300FB3A07 /* JsonDataParserTest.swift */ = {isa = PBXFileReference; lastKnownFileType = sourcecode.swift; path = JsonDataParserTest.swift; sourceTree = "<group>"; };
		35D644C3272B5F4D00FB3A07 /* WeatherServiceTest.swift */ = {isa = PBXFileReference; lastKnownFileType = sourcecode.swift; path = WeatherServiceTest.swift; sourceTree = "<group>"; };
		35D644C6272B5FB500FB3A07 /* JsonDataParserMock.swift */ = {isa = PBXFileReference; lastKnownFileType = sourcecode.swift; path = JsonDataParserMock.swift; sourceTree = "<group>"; };
/* End PBXFileReference section */

/* Begin PBXFrameworksBuildPhase section */
		35ADBF8E272A137D0065717B /* Frameworks */ = {
			isa = PBXFrameworksBuildPhase;
			buildActionMask = 2147483647;
			files = (
			);
			runOnlyForDeploymentPostprocessing = 0;
		};
		35ADBFA4272A13810065717B /* Frameworks */ = {
			isa = PBXFrameworksBuildPhase;
			buildActionMask = 2147483647;
			files = (
			);
			runOnlyForDeploymentPostprocessing = 0;
		};
/* End PBXFrameworksBuildPhase section */

/* Begin PBXGroup section */
		357C3BF22734639300039DF2 /* Coordinator */ = {
			isa = PBXGroup;
			children = (
				357C3BF3273463C600039DF2 /* Coordinator.swift */,
				357C3BF5273463F500039DF2 /* Storyboarded.swift */,
				357C3BF92734644C00039DF2 /* MainCoordinator.swift */,
			);
			path = Coordinator;
			sourceTree = "<group>";
		};
		357C3BFB2734675800039DF2 /* LocationDetails */ = {
			isa = PBXGroup;
			children = (
				357C3BFC2734677300039DF2 /* LocationDetailViewController.swift */,
			);
			path = LocationDetails;
			sourceTree = "<group>";
		};
		357C3C042734752E00039DF2 /* Coordinator */ = {
			isa = PBXGroup;
			children = (
				357C3C052734753600039DF2 /* Mock */,
			);
			path = Coordinator;
			sourceTree = "<group>";
		};
		357C3C052734753600039DF2 /* Mock */ = {
			isa = PBXGroup;
			children = (
				357C3C062734755100039DF2 /* MainCoordinatorMock.swift */,
			);
			path = Mock;
			sourceTree = "<group>";
		};
		357C3C082734789500039DF2 /* LocationDetails */ = {
			isa = PBXGroup;
			children = (
				357C3C09273478B700039DF2 /* LocationDetailViewControllerTest.swift */,
			);
			path = LocationDetails;
			sourceTree = "<group>";
		};
		357C3C0B27347A9100039DF2 /* LocationExplorer */ = {
			isa = PBXGroup;
			children = (
				357C3C0C27347ABF00039DF2 /* LocationExplorerViewControllerTest.swift */,
			);
			path = LocationExplorer;
			sourceTree = "<group>";
		};
		358AA94F2733578D00E3B442 /* LocationExplorer */ = {
			isa = PBXGroup;
			children = (
				358AA95C27335CBC00E3B442 /* LocationExplorerViewController.swift */,
				357C3C02273472F000039DF2 /* LocationExplorerView.swift */,
			);
			path = LocationExplorer;
			sourceTree = "<group>";
		};
		358AA9502733588200E3B442 /* Suggestions */ = {
			isa = PBXGroup;
			children = (
				358AA9542733591D00E3B442 /* SuggestionsPresenter.swift */,
				358AA952273358E100E3B442 /* SuggestionsTableViewController.swift */,
				358AA9562733594000E3B442 /* SuggestionsView.swift */,
			);
			path = Suggestions;
			sourceTree = "<group>";
		};
		358AA95E2733680100E3B442 /* Data */ = {
			isa = PBXGroup;
			children = (
				358AA95F2733683F00E3B442 /* SuggestionRepository.swift */,
			);
			path = Data;
			sourceTree = "<group>";
		};
		358AA96127336B1400E3B442 /* Suggestions */ = {
			isa = PBXGroup;
			children = (
				358AA96A273370F900E3B442 /* Mock */,
				358AA96827336EA900E3B442 /* SuggestionsPresenterTest.swift */,
				358AA96227336B2900E3B442 /* SuggestionsTableViewControllerTest.swift */,
			);
			path = Suggestions;
			sourceTree = "<group>";
		};
		358AA96427336DA100E3B442 /* Data */ = {
			isa = PBXGroup;
			children = (
				358AA96527336DAC00E3B442 /* Mock */,
			);
			path = Data;
			sourceTree = "<group>";
		};
		358AA96527336DAC00E3B442 /* Mock */ = {
			isa = PBXGroup;
			children = (
				358AA96627336DCB00E3B442 /* SuggestionRepository.swift */,
			);
			path = Mock;
			sourceTree = "<group>";
		};
		358AA96A273370F900E3B442 /* Mock */ = {
			isa = PBXGroup;
			children = (
				358AA96B2733711100E3B442 /* SuggestionsViewMock.swift */,
			);
			path = Mock;
			sourceTree = "<group>";
		};
		35ADBF88272A137D0065717B = {
			isa = PBXGroup;
			children = (
				35ADBF93272A137D0065717B /* WeatherExplorer */,
				35ADBFAA272A13810065717B /* WeatherExplorerTests */,
				35ADBF92272A137D0065717B /* Products */,
			);
			sourceTree = "<group>";
		};
		35ADBF92272A137D0065717B /* Products */ = {
			isa = PBXGroup;
			children = (
				35ADBF91272A137D0065717B /* WeatherExplorer.app */,
				35ADBFA7272A13810065717B /* WeatherExplorerTests.xctest */,
			);
			name = Products;
			sourceTree = "<group>";
		};
		35ADBF93272A137D0065717B /* WeatherExplorer */ = {
			isa = PBXGroup;
			children = (
				35ADBF94272A137D0065717B /* AppDelegate.swift */,
				35ADBFDC272A1C800065717B /* main.swift */,
				35ADBF96272A137D0065717B /* SceneDelegate.swift */,
				35ADBF9D272A13800065717B /* Assets.xcassets */,
				357C3C142734915B00039DF2 /* Localizable.strings */,
				35ADBF9F272A13810065717B /* LaunchScreen.storyboard */,
				35ADBF9A272A137D0065717B /* Main.storyboard */,
				35ADBFC4272A16200065717B /* Configurations */,
				357C3BF22734639300039DF2 /* Coordinator */,
				358AA95E2733680100E3B442 /* Data */,
				35ADBFDF272A26950065717B /* Extensions */,
				357C3BFB2734675800039DF2 /* LocationDetails */,
				358AA94F2733578D00E3B442 /* LocationExplorer */,
				35D644B0272B50AE00FB3A07 /* Model */,
				35ADBFE1272A26950065717B /* Network */,
				35D644AB272B4ECF00FB3A07 /* Service */,
				358AA9502733588200E3B442 /* Suggestions */,
			);
			path = WeatherExplorer;
			sourceTree = "<group>";
		};
		35ADBFAA272A13810065717B /* WeatherExplorerTests */ = {
			isa = PBXGroup;
			children = (
				35D64484272B45D700FB3A07 /* Configurations */,
				357C3C042734752E00039DF2 /* Coordinator */,
				358AA96427336DA100E3B442 /* Data */,
				35D64486272B45D700FB3A07 /* Helpers */,
				35D64488272B45D700FB3A07 /* JSONMocks */,
				357C3C082734789500039DF2 /* LocationDetails */,
				357C3C0B27347A9100039DF2 /* LocationExplorer */,
				35D6448B272B45D700FB3A07 /* Network */,
				35D644C2272B5F1000FB3A07 /* Service */,
				358AA96127336B1400E3B442 /* Suggestions */,
				35ADBFD1272A19DA0065717B /* TestingAppDelegate.swift */,
				35ADBFD5272A1A1F0065717B /* TestingRootViewController.swift */,
				35ADBFD3272A19F70065717B /* TestingSceneDelegate.swift */,
			);
			path = WeatherExplorerTests;
			sourceTree = "<group>";
		};
		35ADBFC4272A16200065717B /* Configurations */ = {
			isa = PBXGroup;
			children = (
				35ADBFA2272A13810065717B /* Info.plist */,
				35ADBFC7272A17080065717B /* Local.plist */,
				35ADBFC5272A16200065717B /* AppConfiguration.swift */,
				35019E312731DDDD00386EA8 /* LocaleProvider.swift */,
			);
			path = Configurations;
			sourceTree = "<group>";
		};
		35ADBFDF272A26950065717B /* Extensions */ = {
			isa = PBXGroup;
			children = (
				35ADBFE0272A26950065717B /* Endpoint+UrlRequest.swift */,
				3563B03E272A30E900BC3B3E /* URLSession+Pinning.swift */,
				35D644B3272B51B200FB3A07 /* CountriesResponse+ParseToModel.swift */,
				357C3BF72734641E00039DF2 /* Storyboarded+Instantiate.swift */,
			);
			path = Extensions;
			sourceTree = "<group>";
		};
		35ADBFE1272A26950065717B /* Network */ = {
			isa = PBXGroup;
			children = (
				35ADBFE5272A26950065717B /* Cache */,
				35ADBFF3272A26950065717B /* Endpoint */,
				35D644C8272B6EC500FB3A07 /* Error */,
				35D644B5272B538700FB3A07 /* Parser */,
				35ADBFE8272A26950065717B /* Provider */,
				35D644CA272B6EEC00FB3A07 /* Reachability */,
				35ADBFE2272A26950065717B /* Response */,
				35D644C9272B6EDD00FB3A07 /* Security */,
				35ADBFEB272A26950065717B /* Storage */,
				35ADBFEE272A26950065717B /* Support */,
			);
			path = Network;
			sourceTree = "<group>";
		};
		35ADBFE2272A26950065717B /* Response */ = {
			isa = PBXGroup;
			children = (
				35019E3B2731ECAF00386EA8 /* CurrentWeatherResponse.swift */,
				35019E392731EB1400386EA8 /* LocationResponse.swift */,
				35ADBFE3272A26950065717B /* WeatherResponse.swift */,
			);
			path = Response;
			sourceTree = "<group>";
		};
		35ADBFE5272A26950065717B /* Cache */ = {
			isa = PBXGroup;
			children = (
				35ADBFE6272A26950065717B /* CacheManager.swift */,
				35ADBFE7272A26950065717B /* LocalCacheManager.swift */,
			);
			path = Cache;
			sourceTree = "<group>";
		};
		35ADBFE8272A26950065717B /* Provider */ = {
			isa = PBXGroup;
			children = (
				35ADBFE9272A26950065717B /* NetworkProvider.swift */,
				35ADBFEA272A26950065717B /* URLSessionNetworkProvider.swift */,
			);
			path = Provider;
			sourceTree = "<group>";
		};
		35ADBFEB272A26950065717B /* Storage */ = {
			isa = PBXGroup;
			children = (
				35ADBFED272A26950065717B /* FileStorageManager.swift */,
				35ADBFEC272A26950065717B /* StorageManager.swift */,
			);
			path = Storage;
			sourceTree = "<group>";
		};
		35ADBFEE272A26950065717B /* Support */ = {
			isa = PBXGroup;
			children = (
				35ADBFF2272A26950065717B /* URLBuilder.swift */,
			);
			path = Support;
			sourceTree = "<group>";
		};
		35ADBFF3272A26950065717B /* Endpoint */ = {
			isa = PBXGroup;
			children = (
				35ADBFF4272A26950065717B /* CurrentWeatherEndpoint.swift */,
				35ADBFF5272A26950065717B /* Endpoint.swift */,
			);
			path = Endpoint;
			sourceTree = "<group>";
		};
		35D64484272B45D700FB3A07 /* Configurations */ = {
			isa = PBXGroup;
			children = (
				35D64485272B45D700FB3A07 /* AppConfigurationTest.swift */,
				35019E332731E45100386EA8 /* LocaleProviderTest.swift */,
			);
			path = Configurations;
			sourceTree = "<group>";
		};
		35D64486272B45D700FB3A07 /* Helpers */ = {
			isa = PBXGroup;
			children = (
				35D64487272B45D700FB3A07 /* JSONHelper.swift */,
			);
			path = Helpers;
			sourceTree = "<group>";
		};
		35D64488272B45D700FB3A07 /* JSONMocks */ = {
			isa = PBXGroup;
			children = (
				35D64489272B45D700FB3A07 /* current.json */,
				35D6448A272B45D700FB3A07 /* location.json */,
				35019E3E2731F26000386EA8 /* weather.json */,
			);
			path = JSONMocks;
			sourceTree = "<group>";
		};
		35D6448B272B45D700FB3A07 /* Network */ = {
			isa = PBXGroup;
			children = (
				35D6448E272B45D700FB3A07 /* Cache */,
				35D6449B272B45D700FB3A07 /* Endpoint */,
				35D644BF272B5AE600FB3A07 /* Parser */,
				35D64492272B45D700FB3A07 /* Provider */,
				35D6448C272B45D700FB3A07 /* Response */,
				35D64497272B45D700FB3A07 /* Support */,
			);
			path = Network;
			sourceTree = "<group>";
		};
		35D6448C272B45D700FB3A07 /* Response */ = {
			isa = PBXGroup;
			children = (
				35D6448D272B45D700FB3A07 /* CurrentWeatherResponseTest.swift */,
				35019E402731F44200386EA8 /* LocationResponseTest.swift */,
				35019E422731F4BB00386EA8 /* WeatherResponseTest.swift */,
			);
			path = Response;
			sourceTree = "<group>";
		};
		35D6448E272B45D700FB3A07 /* Cache */ = {
			isa = PBXGroup;
			children = (
				35D6448F272B45D700FB3A07 /* Mock */,
				35D64491272B45D700FB3A07 /* LocalCacheManagerTest.swift */,
			);
			path = Cache;
			sourceTree = "<group>";
		};
		35D6448F272B45D700FB3A07 /* Mock */ = {
			isa = PBXGroup;
			children = (
				35D64490272B45D700FB3A07 /* CacheManagerMock.swift */,
			);
			path = Mock;
			sourceTree = "<group>";
		};
		35D64492272B45D700FB3A07 /* Provider */ = {
			isa = PBXGroup;
			children = (
				35D64493272B45D700FB3A07 /* Mock */,
				35D64496272B45D700FB3A07 /* URLSessionNetworkProviderTest.swift */,
			);
			path = Provider;
			sourceTree = "<group>";
		};
		35D64493272B45D700FB3A07 /* Mock */ = {
			isa = PBXGroup;
			children = (
				35D64494272B45D700FB3A07 /* URLProtocolMock.swift */,
				35D64495272B45D700FB3A07 /* URLSessionNetworkProviderMock.swift */,
			);
			path = Mock;
			sourceTree = "<group>";
		};
		35D64497272B45D700FB3A07 /* Support */ = {
			isa = PBXGroup;
			children = (
				35D64498272B45D700FB3A07 /* Mock */,
				35D6449A272B45D700FB3A07 /* UrlBuilderTest.swift */,
			);
			path = Support;
			sourceTree = "<group>";
		};
		35D64498272B45D700FB3A07 /* Mock */ = {
			isa = PBXGroup;
			children = (
				35D64499272B45D700FB3A07 /* ReachabilityMock.swift */,
			);
			path = Mock;
			sourceTree = "<group>";
		};
		35D6449B272B45D700FB3A07 /* Endpoint */ = {
			isa = PBXGroup;
			children = (
				35D644BC272B5A1200FB3A07 /* Mock */,
				35D6449C272B45D700FB3A07 /* CurrentWeatherEndpointTest.swift */,
			);
			path = Endpoint;
			sourceTree = "<group>";
		};
		35D644AB272B4ECF00FB3A07 /* Service */ = {
			isa = PBXGroup;
			children = (
				35D644AE272B4FE100FB3A07 /* AllCountriesService.swift */,
				35D644AC272B4EDC00FB3A07 /* Service.swift */,
			);
			path = Service;
			sourceTree = "<group>";
		};
		35D644B0272B50AE00FB3A07 /* Model */ = {
			isa = PBXGroup;
			children = (
				35019E352731EA2B00386EA8 /* Location.swift */,
				35019E372731EA5500386EA8 /* Weather.swift */,
			);
			path = Model;
			sourceTree = "<group>";
		};
		35D644B5272B538700FB3A07 /* Parser */ = {
			isa = PBXGroup;
			children = (
				35D644B6272B539600FB3A07 /* DataParser.swift */,
				35D644B8272B53E500FB3A07 /* JsonDataPaser.swift */,
			);
			path = Parser;
			sourceTree = "<group>";
		};
		35D644BC272B5A1200FB3A07 /* Mock */ = {
			isa = PBXGroup;
			children = (
				35D644BD272B5A2800FB3A07 /* DummyEndpoint.swift */,
			);
			path = Mock;
			sourceTree = "<group>";
		};
		35D644BF272B5AE600FB3A07 /* Parser */ = {
			isa = PBXGroup;
			children = (
				35D644C5272B5FA200FB3A07 /* Mock */,
				35D644C0272B5AF300FB3A07 /* JsonDataParserTest.swift */,
			);
			path = Parser;
			sourceTree = "<group>";
		};
		35D644C2272B5F1000FB3A07 /* Service */ = {
			isa = PBXGroup;
			children = (
				35D644C3272B5F4D00FB3A07 /* WeatherServiceTest.swift */,
			);
			path = Service;
			sourceTree = "<group>";
		};
		35D644C5272B5FA200FB3A07 /* Mock */ = {
			isa = PBXGroup;
			children = (
				35D644C6272B5FB500FB3A07 /* JsonDataParserMock.swift */,
			);
			path = Mock;
			sourceTree = "<group>";
		};
		35D644C8272B6EC500FB3A07 /* Error */ = {
			isa = PBXGroup;
			children = (
				35ADBFEF272A26950065717B /* ApiError.swift */,
				35D644BA272B543A00FB3A07 /* ParserError.swift */,
			);
			path = Error;
			sourceTree = "<group>";
		};
		35D644C9272B6EDD00FB3A07 /* Security */ = {
			isa = PBXGroup;
			children = (
				35ADBFF0272A26950065717B /* NSURLSessionPinningDelegate.swift */,
			);
			path = Security;
			sourceTree = "<group>";
		};
		35D644CA272B6EEC00FB3A07 /* Reachability */ = {
			isa = PBXGroup;
			children = (
				35ADBFF1272A26950065717B /* Reachability.swift */,
			);
			path = Reachability;
			sourceTree = "<group>";
		};
/* End PBXGroup section */

/* Begin PBXNativeTarget section */
		35ADBF90272A137D0065717B /* WeatherExplorer */ = {
			isa = PBXNativeTarget;
			buildConfigurationList = 35ADBFBB272A13810065717B /* Build configuration list for PBXNativeTarget "WeatherExplorer" */;
			buildPhases = (
				35ADBF8D272A137D0065717B /* Sources */,
				35ADBF8E272A137D0065717B /* Frameworks */,
				35ADBF8F272A137D0065717B /* Resources */,
			);
			buildRules = (
			);
			dependencies = (
			);
			name = WeatherExplorer;
			productName = WeatherExplorer;
			productReference = 35ADBF91272A137D0065717B /* WeatherExplorer.app */;
			productType = "com.apple.product-type.application";
		};
		35ADBFA6272A13810065717B /* WeatherExplorerTests */ = {
			isa = PBXNativeTarget;
			buildConfigurationList = 35ADBFBE272A13810065717B /* Build configuration list for PBXNativeTarget "WeatherExplorerTests" */;
			buildPhases = (
				35ADBFA3272A13810065717B /* Sources */,
				35ADBFA4272A13810065717B /* Frameworks */,
				35ADBFA5272A13810065717B /* Resources */,
			);
			buildRules = (
			);
			dependencies = (
				35ADBFA9272A13810065717B /* PBXTargetDependency */,
			);
			name = WeatherExplorerTests;
			productName = WeatherExplorerTests;
			productReference = 35ADBFA7272A13810065717B /* WeatherExplorerTests.xctest */;
			productType = "com.apple.product-type.bundle.unit-test";
		};
/* End PBXNativeTarget section */

/* Begin PBXProject section */
		35ADBF89272A137D0065717B /* Project object */ = {
			isa = PBXProject;
			attributes = {
				BuildIndependentTargetsInParallel = 1;
				LastSwiftUpdateCheck = 1300;
				LastUpgradeCheck = 1300;
				TargetAttributes = {
					35ADBF90272A137D0065717B = {
						CreatedOnToolsVersion = 13.0;
					};
					35ADBFA6272A13810065717B = {
						CreatedOnToolsVersion = 13.0;
						TestTargetID = 35ADBF90272A137D0065717B;
					};
				};
			};
			buildConfigurationList = 35ADBF8C272A137D0065717B /* Build configuration list for PBXProject "WeatherExplorer" */;
			compatibilityVersion = "Xcode 13.0";
			developmentRegion = en;
			hasScannedForEncodings = 0;
			knownRegions = (
				en,
				Base,
				"pt-BR",
			);
			mainGroup = 35ADBF88272A137D0065717B;
			productRefGroup = 35ADBF92272A137D0065717B /* Products */;
			projectDirPath = "";
			projectRoot = "";
			targets = (
				35ADBF90272A137D0065717B /* WeatherExplorer */,
				35ADBFA6272A13810065717B /* WeatherExplorerTests */,
			);
		};
/* End PBXProject section */

/* Begin PBXResourcesBuildPhase section */
		35ADBF8F272A137D0065717B /* Resources */ = {
			isa = PBXResourcesBuildPhase;
			buildActionMask = 2147483647;
			files = (
				35ADBFA1272A13810065717B /* LaunchScreen.storyboard in Resources */,
				357C3C122734915B00039DF2 /* Localizable.strings in Resources */,
				35ADBF9E272A13800065717B /* Assets.xcassets in Resources */,
				35ADBF9C272A137D0065717B /* Main.storyboard in Resources */,
			);
			runOnlyForDeploymentPostprocessing = 0;
		};
		35ADBFA5272A13810065717B /* Resources */ = {
			isa = PBXResourcesBuildPhase;
			buildActionMask = 2147483647;
			files = (
				35D644A0272B45D700FB3A07 /* location.json in Resources */,
				35D6449F272B45D700FB3A07 /* current.json in Resources */,
				35019E3F2731F3F800386EA8 /* weather.json in Resources */,
			);
			runOnlyForDeploymentPostprocessing = 0;
		};
/* End PBXResourcesBuildPhase section */

/* Begin PBXSourcesBuildPhase section */
		35ADBF8D272A137D0065717B /* Sources */ = {
			isa = PBXSourcesBuildPhase;
			buildActionMask = 2147483647;
			files = (
				358AA95D27335CBC00E3B442 /* LocationExplorerViewController.swift in Sources */,
				358AA9552733591D00E3B442 /* SuggestionsPresenter.swift in Sources */,
				358AA953273358E100E3B442 /* SuggestionsTableViewController.swift in Sources */,
				35ADBFFA272A26950065717B /* LocalCacheManager.swift in Sources */,
				35ADBFF6272A26950065717B /* Endpoint+UrlRequest.swift in Sources */,
				35ADBFF9272A26950065717B /* CacheManager.swift in Sources */,
				35ADBFF7272A26950065717B /* WeatherResponse.swift in Sources */,
				357C3C03273472F000039DF2 /* LocationExplorerView.swift in Sources */,
				35019E382731EA5500386EA8 /* Weather.swift in Sources */,
				35ADBFFE272A26950065717B /* FileStorageManager.swift in Sources */,
				35019E362731EA2B00386EA8 /* Location.swift in Sources */,
				35ADC001272A26950065717B /* Reachability.swift in Sources */,
				35ADC000272A26950065717B /* NSURLSessionPinningDelegate.swift in Sources */,
				35D644AD272B4EDC00FB3A07 /* Service.swift in Sources */,
				35ADC003272A26950065717B /* CurrentWeatherEndpoint.swift in Sources */,
				358AA9602733683F00E3B442 /* SuggestionRepository.swift in Sources */,
				357C3BF4273463C600039DF2 /* Coordinator.swift in Sources */,
				35ADBFDD272A1C800065717B /* main.swift in Sources */,
				357C3BF6273463F500039DF2 /* Storyboarded.swift in Sources */,
				35ADBFFC272A26950065717B /* URLSessionNetworkProvider.swift in Sources */,
				35019E3C2731ECAF00386EA8 /* CurrentWeatherResponse.swift in Sources */,
				35D644BB272B543A00FB3A07 /* ParserError.swift in Sources */,
				35019E322731DDDD00386EA8 /* LocaleProvider.swift in Sources */,
				35ADBFFF272A26950065717B /* ApiError.swift in Sources */,
				3563B03F272A30E900BC3B3E /* URLSession+Pinning.swift in Sources */,
				357C3BFD2734677300039DF2 /* LocationDetailViewController.swift in Sources */,
				35ADC002272A26950065717B /* URLBuilder.swift in Sources */,
				35ADC004272A26950065717B /* Endpoint.swift in Sources */,
				35019E3A2731EB1400386EA8 /* LocationResponse.swift in Sources */,
				35D644B9272B53E500FB3A07 /* JsonDataPaser.swift in Sources */,
				35D644B7272B539600FB3A07 /* DataParser.swift in Sources */,
				35ADBFFB272A26950065717B /* NetworkProvider.swift in Sources */,
				35ADBF95272A137D0065717B /* AppDelegate.swift in Sources */,
				357C3BF82734641E00039DF2 /* Storyboarded+Instantiate.swift in Sources */,
				357C3BFA2734644C00039DF2 /* MainCoordinator.swift in Sources */,
				35D644AF272B4FE100FB3A07 /* AllCountriesService.swift in Sources */,
				358AA9572733594000E3B442 /* SuggestionsView.swift in Sources */,
				35ADBFC6272A16200065717B /* AppConfiguration.swift in Sources */,
				35ADBF97272A137D0065717B /* SceneDelegate.swift in Sources */,
				35ADBFFD272A26950065717B /* StorageManager.swift in Sources */,
				35D644B4272B51B200FB3A07 /* CountriesResponse+ParseToModel.swift in Sources */,
			);
			runOnlyForDeploymentPostprocessing = 0;
		};
		35ADBFA3272A13810065717B /* Sources */ = {
			isa = PBXSourcesBuildPhase;
			buildActionMask = 2147483647;
			files = (
				35D644A1272B45D700FB3A07 /* CurrentWeatherResponseTest.swift in Sources */,
				35D644C4272B5F4D00FB3A07 /* WeatherServiceTest.swift in Sources */,
				35D644C7272B5FB500FB3A07 /* JsonDataParserMock.swift in Sources */,
				35ADBFD4272A19F70065717B /* TestingSceneDelegate.swift in Sources */,
				357C3C0D27347ABF00039DF2 /* LocationExplorerViewControllerTest.swift in Sources */,
				358AA96927336EA900E3B442 /* SuggestionsPresenterTest.swift in Sources */,
				35D644A2272B45D700FB3A07 /* CacheManagerMock.swift in Sources */,
				35D644A8272B45D700FB3A07 /* UrlBuilderTest.swift in Sources */,
				358AA96727336DCB00E3B442 /* SuggestionRepository.swift in Sources */,
				35D644C1272B5AF300FB3A07 /* JsonDataParserTest.swift in Sources */,
				357C3C072734755100039DF2 /* MainCoordinatorMock.swift in Sources */,
				35ADBFD2272A19DA0065717B /* TestingAppDelegate.swift in Sources */,
				35D644A4272B45D700FB3A07 /* URLProtocolMock.swift in Sources */,
				35D644A6272B45D700FB3A07 /* URLSessionNetworkProviderTest.swift in Sources */,
				35019E432731F4BB00386EA8 /* WeatherResponseTest.swift in Sources */,
				35019E342731E45100386EA8 /* LocaleProviderTest.swift in Sources */,
				357C3C0A273478B700039DF2 /* LocationDetailViewControllerTest.swift in Sources */,
				35D644A7272B45D700FB3A07 /* ReachabilityMock.swift in Sources */,
				35D6449E272B45D700FB3A07 /* JSONHelper.swift in Sources */,
				35D644A5272B45D700FB3A07 /* URLSessionNetworkProviderMock.swift in Sources */,
				35D644BE272B5A2800FB3A07 /* DummyEndpoint.swift in Sources */,
				35D6449D272B45D700FB3A07 /* AppConfigurationTest.swift in Sources */,
				358AA96327336B2900E3B442 /* SuggestionsTableViewControllerTest.swift in Sources */,
				35ADBFD6272A1A1F0065717B /* TestingRootViewController.swift in Sources */,
				35019E412731F44200386EA8 /* LocationResponseTest.swift in Sources */,
				358AA96C2733711100E3B442 /* SuggestionsViewMock.swift in Sources */,
				35D644A3272B45D700FB3A07 /* LocalCacheManagerTest.swift in Sources */,
				35D644A9272B45D700FB3A07 /* CurrentWeatherEndpointTest.swift in Sources */,
			);
			runOnlyForDeploymentPostprocessing = 0;
		};
/* End PBXSourcesBuildPhase section */

/* Begin PBXTargetDependency section */
		35ADBFA9272A13810065717B /* PBXTargetDependency */ = {
			isa = PBXTargetDependency;
			target = 35ADBF90272A137D0065717B /* WeatherExplorer */;
			targetProxy = 35ADBFA8272A13810065717B /* PBXContainerItemProxy */;
		};
/* End PBXTargetDependency section */

/* Begin PBXVariantGroup section */
		357C3C142734915B00039DF2 /* Localizable.strings */ = {
			isa = PBXVariantGroup;
			children = (
				357C3C132734915B00039DF2 /* en */,
				357C3C152734915D00039DF2 /* pt-BR */,
			);
			name = Localizable.strings;
			sourceTree = "<group>";
		};
		35ADBF9A272A137D0065717B /* Main.storyboard */ = {
			isa = PBXVariantGroup;
			children = (
				35ADBF9B272A137D0065717B /* Base */,
				357C3C0E2734913200039DF2 /* pt-BR */,
			);
			name = Main.storyboard;
			sourceTree = "<group>";
		};
		35ADBF9F272A13810065717B /* LaunchScreen.storyboard */ = {
			isa = PBXVariantGroup;
			children = (
				35ADBFA0272A13810065717B /* Base */,
				357C3C0F2734913300039DF2 /* pt-BR */,
			);
			name = LaunchScreen.storyboard;
			sourceTree = "<group>";
		};
/* End PBXVariantGroup section */

/* Begin XCBuildConfiguration section */
		35ADBFB9272A13810065717B /* Debug */ = {
			isa = XCBuildConfiguration;
			buildSettings = {
				ALWAYS_SEARCH_USER_PATHS = NO;
				CLANG_ANALYZER_LOCALIZABILITY_NONLOCALIZED = YES;
				CLANG_ANALYZER_NONNULL = YES;
				CLANG_ANALYZER_NUMBER_OBJECT_CONVERSION = YES_AGGRESSIVE;
				CLANG_CXX_LANGUAGE_STANDARD = "gnu++17";
				CLANG_CXX_LIBRARY = "libc++";
				CLANG_ENABLE_MODULES = YES;
				CLANG_ENABLE_OBJC_ARC = YES;
				CLANG_ENABLE_OBJC_WEAK = YES;
				CLANG_WARN_BLOCK_CAPTURE_AUTORELEASING = YES;
				CLANG_WARN_BOOL_CONVERSION = YES;
				CLANG_WARN_COMMA = YES;
				CLANG_WARN_CONSTANT_CONVERSION = YES;
				CLANG_WARN_DEPRECATED_OBJC_IMPLEMENTATIONS = YES;
				CLANG_WARN_DIRECT_OBJC_ISA_USAGE = YES_ERROR;
				CLANG_WARN_DOCUMENTATION_COMMENTS = YES;
				CLANG_WARN_EMPTY_BODY = YES;
				CLANG_WARN_ENUM_CONVERSION = YES;
				CLANG_WARN_INFINITE_RECURSION = YES;
				CLANG_WARN_INT_CONVERSION = YES;
				CLANG_WARN_NON_LITERAL_NULL_CONVERSION = YES;
				CLANG_WARN_OBJC_IMPLICIT_RETAIN_SELF = YES;
				CLANG_WARN_OBJC_LITERAL_CONVERSION = YES;
				CLANG_WARN_OBJC_ROOT_CLASS = YES_ERROR;
				CLANG_WARN_QUOTED_INCLUDE_IN_FRAMEWORK_HEADER = YES;
				CLANG_WARN_RANGE_LOOP_ANALYSIS = YES;
				CLANG_WARN_STRICT_PROTOTYPES = YES;
				CLANG_WARN_SUSPICIOUS_MOVE = YES;
				CLANG_WARN_UNGUARDED_AVAILABILITY = YES_AGGRESSIVE;
				CLANG_WARN_UNREACHABLE_CODE = YES;
				CLANG_WARN__DUPLICATE_METHOD_MATCH = YES;
				COPY_PHASE_STRIP = NO;
				DEBUG_INFORMATION_FORMAT = dwarf;
				ENABLE_STRICT_OBJC_MSGSEND = YES;
				ENABLE_TESTABILITY = YES;
				GCC_C_LANGUAGE_STANDARD = gnu11;
				GCC_DYNAMIC_NO_PIC = NO;
				GCC_NO_COMMON_BLOCKS = YES;
				GCC_OPTIMIZATION_LEVEL = 0;
				GCC_PREPROCESSOR_DEFINITIONS = (
					"DEBUG=1",
					"$(inherited)",
				);
				GCC_WARN_64_TO_32_BIT_CONVERSION = YES;
				GCC_WARN_ABOUT_RETURN_TYPE = YES_ERROR;
				GCC_WARN_UNDECLARED_SELECTOR = YES;
				GCC_WARN_UNINITIALIZED_AUTOS = YES_AGGRESSIVE;
				GCC_WARN_UNUSED_FUNCTION = YES;
				GCC_WARN_UNUSED_VARIABLE = YES;
				INFOPLIST_FILE = WeatherExplorer/Configurations/Info.plist;
				IPHONEOS_DEPLOYMENT_TARGET = 15.0;
				MTL_ENABLE_DEBUG_INFO = INCLUDE_SOURCE;
				MTL_FAST_MATH = YES;
				ONLY_ACTIVE_ARCH = YES;
				SDKROOT = iphoneos;
				SWIFT_ACTIVE_COMPILATION_CONDITIONS = DEBUG;
				SWIFT_OPTIMIZATION_LEVEL = "-Onone";
			};
			name = Debug;
		};
		35ADBFBA272A13810065717B /* Release */ = {
			isa = XCBuildConfiguration;
			buildSettings = {
				ALWAYS_SEARCH_USER_PATHS = NO;
				CLANG_ANALYZER_LOCALIZABILITY_NONLOCALIZED = YES;
				CLANG_ANALYZER_NONNULL = YES;
				CLANG_ANALYZER_NUMBER_OBJECT_CONVERSION = YES_AGGRESSIVE;
				CLANG_CXX_LANGUAGE_STANDARD = "gnu++17";
				CLANG_CXX_LIBRARY = "libc++";
				CLANG_ENABLE_MODULES = YES;
				CLANG_ENABLE_OBJC_ARC = YES;
				CLANG_ENABLE_OBJC_WEAK = YES;
				CLANG_WARN_BLOCK_CAPTURE_AUTORELEASING = YES;
				CLANG_WARN_BOOL_CONVERSION = YES;
				CLANG_WARN_COMMA = YES;
				CLANG_WARN_CONSTANT_CONVERSION = YES;
				CLANG_WARN_DEPRECATED_OBJC_IMPLEMENTATIONS = YES;
				CLANG_WARN_DIRECT_OBJC_ISA_USAGE = YES_ERROR;
				CLANG_WARN_DOCUMENTATION_COMMENTS = YES;
				CLANG_WARN_EMPTY_BODY = YES;
				CLANG_WARN_ENUM_CONVERSION = YES;
				CLANG_WARN_INFINITE_RECURSION = YES;
				CLANG_WARN_INT_CONVERSION = YES;
				CLANG_WARN_NON_LITERAL_NULL_CONVERSION = YES;
				CLANG_WARN_OBJC_IMPLICIT_RETAIN_SELF = YES;
				CLANG_WARN_OBJC_LITERAL_CONVERSION = YES;
				CLANG_WARN_OBJC_ROOT_CLASS = YES_ERROR;
				CLANG_WARN_QUOTED_INCLUDE_IN_FRAMEWORK_HEADER = YES;
				CLANG_WARN_RANGE_LOOP_ANALYSIS = YES;
				CLANG_WARN_STRICT_PROTOTYPES = YES;
				CLANG_WARN_SUSPICIOUS_MOVE = YES;
				CLANG_WARN_UNGUARDED_AVAILABILITY = YES_AGGRESSIVE;
				CLANG_WARN_UNREACHABLE_CODE = YES;
				CLANG_WARN__DUPLICATE_METHOD_MATCH = YES;
				COPY_PHASE_STRIP = NO;
				DEBUG_INFORMATION_FORMAT = "dwarf-with-dsym";
				ENABLE_NS_ASSERTIONS = NO;
				ENABLE_STRICT_OBJC_MSGSEND = YES;
				GCC_C_LANGUAGE_STANDARD = gnu11;
				GCC_NO_COMMON_BLOCKS = YES;
				GCC_WARN_64_TO_32_BIT_CONVERSION = YES;
				GCC_WARN_ABOUT_RETURN_TYPE = YES_ERROR;
				GCC_WARN_UNDECLARED_SELECTOR = YES;
				GCC_WARN_UNINITIALIZED_AUTOS = YES_AGGRESSIVE;
				GCC_WARN_UNUSED_FUNCTION = YES;
				GCC_WARN_UNUSED_VARIABLE = YES;
				INFOPLIST_FILE = WeatherExplorer/Configurations/Info.plist;
				IPHONEOS_DEPLOYMENT_TARGET = 15.0;
				MTL_ENABLE_DEBUG_INFO = NO;
				MTL_FAST_MATH = YES;
				SDKROOT = iphoneos;
				SWIFT_COMPILATION_MODE = wholemodule;
				SWIFT_OPTIMIZATION_LEVEL = "-O";
				VALIDATE_PRODUCT = YES;
			};
			name = Release;
		};
		35ADBFBC272A13810065717B /* Debug */ = {
			isa = XCBuildConfiguration;
			buildSettings = {
				ASSETCATALOG_COMPILER_APPICON_NAME = AppIcon;
				ASSETCATALOG_COMPILER_GLOBAL_ACCENT_COLOR_NAME = AccentColor;
				CODE_SIGN_STYLE = Automatic;
				CURRENT_PROJECT_VERSION = 1;
				GENERATE_INFOPLIST_FILE = YES;
				INFOPLIST_FILE = WeatherExplorer/Configurations/Info.plist;
				INFOPLIST_KEY_UIApplicationSupportsIndirectInputEvents = YES;
				INFOPLIST_KEY_UILaunchStoryboardName = LaunchScreen;
				INFOPLIST_KEY_UIMainStoryboardFile = Main;
				INFOPLIST_KEY_UISupportedInterfaceOrientations_iPad = "UIInterfaceOrientationPortrait UIInterfaceOrientationPortraitUpsideDown UIInterfaceOrientationLandscapeLeft UIInterfaceOrientationLandscapeRight";
				INFOPLIST_KEY_UISupportedInterfaceOrientations_iPhone = "UIInterfaceOrientationPortrait UIInterfaceOrientationLandscapeLeft UIInterfaceOrientationLandscapeRight";
				LD_RUNPATH_SEARCH_PATHS = (
					"$(inherited)",
					"@executable_path/Frameworks",
				);
				MARKETING_VERSION = 1.0;
				PRODUCT_BUNDLE_IDENTIFIER = com.rcl.WeatherExplorer;
				PRODUCT_NAME = "$(TARGET_NAME)";
				SWIFT_EMIT_LOC_STRINGS = YES;
				SWIFT_VERSION = 5.0;
				TARGETED_DEVICE_FAMILY = "1,2";
			};
			name = Debug;
		};
		35ADBFBD272A13810065717B /* Release */ = {
			isa = XCBuildConfiguration;
			buildSettings = {
				ASSETCATALOG_COMPILER_APPICON_NAME = AppIcon;
				ASSETCATALOG_COMPILER_GLOBAL_ACCENT_COLOR_NAME = AccentColor;
				CODE_SIGN_STYLE = Automatic;
				CURRENT_PROJECT_VERSION = 1;
				GENERATE_INFOPLIST_FILE = YES;
				INFOPLIST_FILE = WeatherExplorer/Configurations/Info.plist;
				INFOPLIST_KEY_UIApplicationSupportsIndirectInputEvents = YES;
				INFOPLIST_KEY_UILaunchStoryboardName = LaunchScreen;
				INFOPLIST_KEY_UIMainStoryboardFile = Main;
				INFOPLIST_KEY_UISupportedInterfaceOrientations_iPad = "UIInterfaceOrientationPortrait UIInterfaceOrientationPortraitUpsideDown UIInterfaceOrientationLandscapeLeft UIInterfaceOrientationLandscapeRight";
				INFOPLIST_KEY_UISupportedInterfaceOrientations_iPhone = "UIInterfaceOrientationPortrait UIInterfaceOrientationLandscapeLeft UIInterfaceOrientationLandscapeRight";
				LD_RUNPATH_SEARCH_PATHS = (
					"$(inherited)",
					"@executable_path/Frameworks",
				);
				MARKETING_VERSION = 1.0;
				PRODUCT_BUNDLE_IDENTIFIER = com.rcl.WeatherExplorer;
				PRODUCT_NAME = "$(TARGET_NAME)";
				SWIFT_EMIT_LOC_STRINGS = YES;
				SWIFT_VERSION = 5.0;
				TARGETED_DEVICE_FAMILY = "1,2";
			};
			name = Release;
		};
		35ADBFBF272A13810065717B /* Debug */ = {
			isa = XCBuildConfiguration;
			buildSettings = {
				ALWAYS_EMBED_SWIFT_STANDARD_LIBRARIES = YES;
				BUNDLE_LOADER = "$(TEST_HOST)";
				CODE_SIGN_STYLE = Automatic;
				CURRENT_PROJECT_VERSION = 1;
				GENERATE_INFOPLIST_FILE = YES;
				IPHONEOS_DEPLOYMENT_TARGET = 15.0;
				LD_RUNPATH_SEARCH_PATHS = (
					"$(inherited)",
					"@executable_path/Frameworks",
					"@loader_path/Frameworks",
				);
				MARKETING_VERSION = 1.0;
				PRODUCT_BUNDLE_IDENTIFIER = com.rcl.WeatherExplorerTests;
				PRODUCT_NAME = "$(TARGET_NAME)";
				SWIFT_EMIT_LOC_STRINGS = NO;
				SWIFT_VERSION = 5.0;
				TARGETED_DEVICE_FAMILY = "1,2";
				TEST_HOST = "$(BUILT_PRODUCTS_DIR)/WeatherExplorer.app/WeatherExplorer";
			};
			name = Debug;
		};
		35ADBFC0272A13810065717B /* Release */ = {
			isa = XCBuildConfiguration;
			buildSettings = {
				ALWAYS_EMBED_SWIFT_STANDARD_LIBRARIES = YES;
				BUNDLE_LOADER = "$(TEST_HOST)";
				CODE_SIGN_STYLE = Automatic;
				CURRENT_PROJECT_VERSION = 1;
				GENERATE_INFOPLIST_FILE = YES;
				IPHONEOS_DEPLOYMENT_TARGET = 15.0;
				LD_RUNPATH_SEARCH_PATHS = (
					"$(inherited)",
					"@executable_path/Frameworks",
					"@loader_path/Frameworks",
				);
				MARKETING_VERSION = 1.0;
				PRODUCT_BUNDLE_IDENTIFIER = com.rcl.WeatherExplorerTests;
				PRODUCT_NAME = "$(TARGET_NAME)";
				SWIFT_EMIT_LOC_STRINGS = NO;
				SWIFT_VERSION = 5.0;
				TARGETED_DEVICE_FAMILY = "1,2";
				TEST_HOST = "$(BUILT_PRODUCTS_DIR)/WeatherExplorer.app/WeatherExplorer";
			};
			name = Release;
		};
		35ADBFCD272A176F0065717B /* Local */ = {
			isa = XCBuildConfiguration;
			buildSettings = {
				ALWAYS_SEARCH_USER_PATHS = NO;
				CLANG_ANALYZER_LOCALIZABILITY_NONLOCALIZED = YES;
				CLANG_ANALYZER_NONNULL = YES;
				CLANG_ANALYZER_NUMBER_OBJECT_CONVERSION = YES_AGGRESSIVE;
				CLANG_CXX_LANGUAGE_STANDARD = "gnu++17";
				CLANG_CXX_LIBRARY = "libc++";
				CLANG_ENABLE_MODULES = YES;
				CLANG_ENABLE_OBJC_ARC = YES;
				CLANG_ENABLE_OBJC_WEAK = YES;
				CLANG_WARN_BLOCK_CAPTURE_AUTORELEASING = YES;
				CLANG_WARN_BOOL_CONVERSION = YES;
				CLANG_WARN_COMMA = YES;
				CLANG_WARN_CONSTANT_CONVERSION = YES;
				CLANG_WARN_DEPRECATED_OBJC_IMPLEMENTATIONS = YES;
				CLANG_WARN_DIRECT_OBJC_ISA_USAGE = YES_ERROR;
				CLANG_WARN_DOCUMENTATION_COMMENTS = YES;
				CLANG_WARN_EMPTY_BODY = YES;
				CLANG_WARN_ENUM_CONVERSION = YES;
				CLANG_WARN_INFINITE_RECURSION = YES;
				CLANG_WARN_INT_CONVERSION = YES;
				CLANG_WARN_NON_LITERAL_NULL_CONVERSION = YES;
				CLANG_WARN_OBJC_IMPLICIT_RETAIN_SELF = YES;
				CLANG_WARN_OBJC_LITERAL_CONVERSION = YES;
				CLANG_WARN_OBJC_ROOT_CLASS = YES_ERROR;
				CLANG_WARN_QUOTED_INCLUDE_IN_FRAMEWORK_HEADER = YES;
				CLANG_WARN_RANGE_LOOP_ANALYSIS = YES;
				CLANG_WARN_STRICT_PROTOTYPES = YES;
				CLANG_WARN_SUSPICIOUS_MOVE = YES;
				CLANG_WARN_UNGUARDED_AVAILABILITY = YES_AGGRESSIVE;
				CLANG_WARN_UNREACHABLE_CODE = YES;
				CLANG_WARN__DUPLICATE_METHOD_MATCH = YES;
				COPY_PHASE_STRIP = NO;
				DEBUG_INFORMATION_FORMAT = dwarf;
				ENABLE_STRICT_OBJC_MSGSEND = YES;
				ENABLE_TESTABILITY = YES;
				GCC_C_LANGUAGE_STANDARD = gnu11;
				GCC_DYNAMIC_NO_PIC = NO;
				GCC_NO_COMMON_BLOCKS = YES;
				GCC_OPTIMIZATION_LEVEL = 0;
				GCC_PREPROCESSOR_DEFINITIONS = (
					"DEBUG=1",
					"$(inherited)",
				);
				GCC_WARN_64_TO_32_BIT_CONVERSION = YES;
				GCC_WARN_ABOUT_RETURN_TYPE = YES_ERROR;
				GCC_WARN_UNDECLARED_SELECTOR = YES;
				GCC_WARN_UNINITIALIZED_AUTOS = YES_AGGRESSIVE;
				GCC_WARN_UNUSED_FUNCTION = YES;
				GCC_WARN_UNUSED_VARIABLE = YES;
				INFOPLIST_FILE = WeatherExplorer/Configurations/Local.plist;
				IPHONEOS_DEPLOYMENT_TARGET = 15.0;
				MTL_ENABLE_DEBUG_INFO = INCLUDE_SOURCE;
				MTL_FAST_MATH = YES;
				ONLY_ACTIVE_ARCH = YES;
				SDKROOT = iphoneos;
				SWIFT_ACTIVE_COMPILATION_CONDITIONS = DEBUG;
				SWIFT_OPTIMIZATION_LEVEL = "-Onone";
			};
			name = Local;
		};
		35ADBFCE272A176F0065717B /* Local */ = {
			isa = XCBuildConfiguration;
			buildSettings = {
				ASSETCATALOG_COMPILER_APPICON_NAME = AppIcon;
				ASSETCATALOG_COMPILER_GLOBAL_ACCENT_COLOR_NAME = AccentColor;
				CODE_SIGN_STYLE = Automatic;
				CURRENT_PROJECT_VERSION = 1;
				GENERATE_INFOPLIST_FILE = YES;
				INFOPLIST_FILE = WeatherExplorer/Configurations/Local.plist;
				INFOPLIST_KEY_UIApplicationSupportsIndirectInputEvents = YES;
				INFOPLIST_KEY_UILaunchStoryboardName = LaunchScreen;
				INFOPLIST_KEY_UIMainStoryboardFile = Main;
				INFOPLIST_KEY_UISupportedInterfaceOrientations_iPad = "UIInterfaceOrientationPortrait UIInterfaceOrientationPortraitUpsideDown UIInterfaceOrientationLandscapeLeft UIInterfaceOrientationLandscapeRight";
				INFOPLIST_KEY_UISupportedInterfaceOrientations_iPhone = "UIInterfaceOrientationPortrait UIInterfaceOrientationLandscapeLeft UIInterfaceOrientationLandscapeRight";
				LD_RUNPATH_SEARCH_PATHS = (
					"$(inherited)",
					"@executable_path/Frameworks",
				);
				MARKETING_VERSION = 1.0;
				PRODUCT_BUNDLE_IDENTIFIER = com.rcl.WeatherExplorer;
				PRODUCT_NAME = "$(TARGET_NAME)";
				SWIFT_EMIT_LOC_STRINGS = YES;
				SWIFT_VERSION = 5.0;
				TARGETED_DEVICE_FAMILY = "1,2";
			};
			name = Local;
		};
		35ADBFCF272A176F0065717B /* Local */ = {
			isa = XCBuildConfiguration;
			buildSettings = {
				ALWAYS_EMBED_SWIFT_STANDARD_LIBRARIES = YES;
				BUNDLE_LOADER = "$(TEST_HOST)";
				CODE_SIGN_STYLE = Automatic;
				CURRENT_PROJECT_VERSION = 1;
				GENERATE_INFOPLIST_FILE = YES;
				IPHONEOS_DEPLOYMENT_TARGET = 15.0;
				LD_RUNPATH_SEARCH_PATHS = (
					"$(inherited)",
					"@executable_path/Frameworks",
					"@loader_path/Frameworks",
				);
				MARKETING_VERSION = 1.0;
				PRODUCT_BUNDLE_IDENTIFIER = com.rcl.WeatherExplorerTests;
				PRODUCT_NAME = "$(TARGET_NAME)";
				SWIFT_EMIT_LOC_STRINGS = NO;
				SWIFT_VERSION = 5.0;
				TARGETED_DEVICE_FAMILY = "1,2";
				TEST_HOST = "$(BUILT_PRODUCTS_DIR)/WeatherExplorer.app/WeatherExplorer";
			};
			name = Local;
		};
/* End XCBuildConfiguration section */

/* Begin XCConfigurationList section */
		35ADBF8C272A137D0065717B /* Build configuration list for PBXProject "WeatherExplorer" */ = {
			isa = XCConfigurationList;
			buildConfigurations = (
				35ADBFB9272A13810065717B /* Debug */,
				35ADBFCD272A176F0065717B /* Local */,
				35ADBFBA272A13810065717B /* Release */,
			);
			defaultConfigurationIsVisible = 0;
			defaultConfigurationName = Debug;
		};
		35ADBFBB272A13810065717B /* Build configuration list for PBXNativeTarget "WeatherExplorer" */ = {
			isa = XCConfigurationList;
			buildConfigurations = (
				35ADBFBC272A13810065717B /* Debug */,
				35ADBFCE272A176F0065717B /* Local */,
				35ADBFBD272A13810065717B /* Release */,
			);
			defaultConfigurationIsVisible = 0;
			defaultConfigurationName = Debug;
		};
		35ADBFBE272A13810065717B /* Build configuration list for PBXNativeTarget "WeatherExplorerTests" */ = {
			isa = XCConfigurationList;
			buildConfigurations = (
				35ADBFBF272A13810065717B /* Debug */,
				35ADBFCF272A176F0065717B /* Local */,
				35ADBFC0272A13810065717B /* Release */,
			);
			defaultConfigurationIsVisible = 0;
			defaultConfigurationName = Debug;
		};
/* End XCConfigurationList section */
	};
	rootObject = 35ADBF89272A137D0065717B /* Project object */;
}
